
Microsoft Visual Studio Solution File, Format Version 12.00
# Visual Studio Version 16
VisualStudioVersion = 16.0.30523.141
MinimumVisualStudioVersion = 10.0.40219.1
Project("{FAE04EC0-301F-11D3-BF4B-00C04F79EFBC}") = "CA201214", "CA201214.csproj", "{179F508D-2ADB-41EA-8359-C68A10498E54}"
EndProject
Global
	GlobalSection(SolutionConfigurationPlatforms) = preSolution
		Debug|Any CPU = Debug|Any CPU
		Release|Any CPU = Release|Any CPU
	EndGlobalSection
	GlobalSection(ProjectConfigurationPlatforms) = postSolution
		{179F508D-2ADB-41EA-8359-C68A10498E54}.Debug|Any CPU.ActiveCfg = Debug|Any CPU
		{179F508D-2ADB-41EA-8359-C68A10498E54}.Debug|Any CPU.Build.0 = Debug|Any CPU
		{179F508D-2ADB-41EA-8359-C68A10498E54}.Release|Any CPU.ActiveCfg = Release|Any CPU
		{179F508D-2ADB-41EA-8359-C68A10498E54}.Release|Any CPU.Build.0 = Release|Any CPU
	EndGlobalSection
	GlobalSection(SolutionProperties) = preSolution
		HideSolutionNode = FALSE
	EndGlobalSection
	GlobalSection(ExtensibilityGlobals) = postSolution
		SolutionGuid = {FC572609-3672-455E-814B-378FFAE1100D}
	EndGlobalSection
EndGlobal
